
Microsoft Visual Studio Solution File, Format Version 12.00
# Visual Studio Version 16
VisualStudioVersion = 16.0.30804.86
MinimumVisualStudioVersion = 10.0.40219.1
Project("{FAE04EC0-301F-11D3-BF4B-00C04F79EFBC}") = "SchoolApi", "FictitiousSchoolApi\SchoolApi.csproj", "{BE12EC2E-EEDD-434A-ADCC-8313849FB7F4}"
EndProject
Global
	GlobalSection(SolutionConfigurationPlatforms) = preSolution
		Debug|Any CPU = Debug|Any CPU
		Release|Any CPU = Release|Any CPU
	EndGlobalSection
	GlobalSection(ProjectConfigurationPlatforms) = postSolution
		{BE12EC2E-EEDD-434A-ADCC-8313849FB7F4}.Debug|Any CPU.ActiveCfg = Debug|Any CPU
		{BE12EC2E-EEDD-434A-ADCC-8313849FB7F4}.Debug|Any CPU.Build.0 = Debug|Any CPU
		{BE12EC2E-EEDD-434A-ADCC-8313849FB7F4}.Release|Any CPU.ActiveCfg = Release|Any CPU
		{BE12EC2E-EEDD-434A-ADCC-8313849FB7F4}.Release|Any CPU.Build.0 = Release|Any CPU
	EndGlobalSection
	GlobalSection(SolutionProperties) = preSolution
		HideSolutionNode = FALSE
	EndGlobalSection
	GlobalSection(ExtensibilityGlobals) = postSolution
		SolutionGuid = {380B5778-FF27-4666-92C1-E5272D53A13C}
	EndGlobalSection
EndGlobal
